
Microsoft Visual Studio Solution File, Format Version 12.00
# Visual Studio 15
VisualStudioVersion = 15.0.28307.168
MinimumVisualStudioVersion = 10.0.40219.1
Project("{FAE04EC0-301F-11D3-BF4B-00C04F79EFBC}") = "AzureBlobStorage", "AzureBlobStorage\AzureBlobStorage.csproj", "{842AF7E5-EA65-4538-9F5A-72DC4B959146}"
EndProject
Project("{FAE04EC0-301F-11D3-BF4B-00C04F79EFBC}") = "AzureBlobStorage.Interface", "AzureBlobStorage.Interface\AzureBlobStorage.Interface.csproj", "{EAA7FB48-E0B1-4B1A-8C24-259B7FF2F36A}"
EndProject
Project("{FAE04EC0-301F-11D3-BF4B-00C04F79EFBC}") = "AzureBlobStorage.Models", "AzureBlobStorage.Models\AzureBlobStorage.Models.csproj", "{3C14664E-3794-41E9-A6E7-90A4C15696B7}"
EndProject
Project("{FAE04EC0-301F-11D3-BF4B-00C04F79EFBC}") = "BlobOperation", "BlobOperation\BlobOperation.csproj", "{222D02EC-F72D-4FF1-8EFA-72DEB27F34A7}"
EndProject
Project("{FAE04EC0-301F-11D3-BF4B-00C04F79EFBC}") = "WeatherReportDomainLayer", "WeatherReportDomainLayer\WeatherReportDomainLayer.csproj", "{EEA7EAFA-6154-490A-A139-F374A508C71A}"
EndProject
Global
	GlobalSection(SolutionConfigurationPlatforms) = preSolution
		Debug|Any CPU = Debug|Any CPU
		Release|Any CPU = Release|Any CPU
	EndGlobalSection
	GlobalSection(ProjectConfigurationPlatforms) = postSolution
		{842AF7E5-EA65-4538-9F5A-72DC4B959146}.Debug|Any CPU.ActiveCfg = Debug|Any CPU
		{842AF7E5-EA65-4538-9F5A-72DC4B959146}.Debug|Any CPU.Build.0 = Debug|Any CPU
		{842AF7E5-EA65-4538-9F5A-72DC4B959146}.Release|Any CPU.ActiveCfg = Release|Any CPU
		{842AF7E5-EA65-4538-9F5A-72DC4B959146}.Release|Any CPU.Build.0 = Release|Any CPU
		{EAA7FB48-E0B1-4B1A-8C24-259B7FF2F36A}.Debug|Any CPU.ActiveCfg = Debug|Any CPU
		{EAA7FB48-E0B1-4B1A-8C24-259B7FF2F36A}.Debug|Any CPU.Build.0 = Debug|Any CPU
		{EAA7FB48-E0B1-4B1A-8C24-259B7FF2F36A}.Release|Any CPU.ActiveCfg = Release|Any CPU
		{EAA7FB48-E0B1-4B1A-8C24-259B7FF2F36A}.Release|Any CPU.Build.0 = Release|Any CPU
		{3C14664E-3794-41E9-A6E7-90A4C15696B7}.Debug|Any CPU.ActiveCfg = Debug|Any CPU
		{3C14664E-3794-41E9-A6E7-90A4C15696B7}.Debug|Any CPU.Build.0 = Debug|Any CPU
		{3C14664E-3794-41E9-A6E7-90A4C15696B7}.Release|Any CPU.ActiveCfg = Release|Any CPU
		{3C14664E-3794-41E9-A6E7-90A4C15696B7}.Release|Any CPU.Build.0 = Release|Any CPU
		{222D02EC-F72D-4FF1-8EFA-72DEB27F34A7}.Debug|Any CPU.ActiveCfg = Debug|Any CPU
		{222D02EC-F72D-4FF1-8EFA-72DEB27F34A7}.Debug|Any CPU.Build.0 = Debug|Any CPU
		{222D02EC-F72D-4FF1-8EFA-72DEB27F34A7}.Release|Any CPU.ActiveCfg = Release|Any CPU
		{222D02EC-F72D-4FF1-8EFA-72DEB27F34A7}.Release|Any CPU.Build.0 = Release|Any CPU
		{EEA7EAFA-6154-490A-A139-F374A508C71A}.Debug|Any CPU.ActiveCfg = Debug|Any CPU
		{EEA7EAFA-6154-490A-A139-F374A508C71A}.Debug|Any CPU.Build.0 = Debug|Any CPU
		{EEA7EAFA-6154-490A-A139-F374A508C71A}.Release|Any CPU.ActiveCfg = Release|Any CPU
		{EEA7EAFA-6154-490A-A139-F374A508C71A}.Release|Any CPU.Build.0 = Release|Any CPU
	EndGlobalSection
	GlobalSection(SolutionProperties) = preSolution
		HideSolutionNode = FALSE
	EndGlobalSection
	GlobalSection(ExtensibilityGlobals) = postSolution
		SolutionGuid = {A7D6B234-D614-4AD0-B246-3A026DB9C3FF}
	EndGlobalSection
EndGlobal
